<?xml version="1.0" encoding="utf-8"?>
<Project ToolsVersion="4.0" xmlns="http://schemas.microsoft.com/developer/msbuild/2003">
  <ItemGroup>
    <Filter Include="源文件">
      <UniqueIdentifier>{4FC737F1-C7A5-4376-A066-2A32D752A2FF}</UniqueIdentifier>
      <Extensions>cpp;c;cc;cxx;def;odl;idl;hpj;bat;asm;asmx</Extensions>
    </Filter>
    <Filter Include="头文件">
      <UniqueIdentifier>{93995380-89BD-4b04-88EB-625FBE52EBFB}</UniqueIdentifier>
      <Extensions>h;hh;hpp;hxx;hm;inl;inc;xsd</Extensions>
    </Filter>
    <Filter Include="资源文件">
      <UniqueIdentifier>{67DA6AB6-F800-4c08-8B7A-83BB121AAD01}</UniqueIdentifier>
      <Extensions>rc;ico;cur;bmp;dlg;rc2;rct;bin;rgs;gif;jpg;jpeg;jpe;resx;tiff;tif;png;wav;mfcribbon-ms</Extensions>
    </Filter>
  </ItemGroup>
  <ItemGroup>
    <ClInclude Include="executionservice.hpp">
      <Filter>头文件</Filter>
    </ClInclude>
    <ClInclude Include="historicaldataservice.hpp">
      <Filter>头文件</Filter>
    </ClInclude>
    <ClInclude Include="inquiryservice.hpp">
      <Filter>头文件</Filter>
    </ClInclude>
    <ClInclude Include="marketdataservice.hpp">
      <Filter>头文件</Filter>
    </ClInclude>
    <ClInclude Include="positionservice.hpp">
      <Filter>头文件</Filter>
    </ClInclude>
    <ClInclude Include="pricingservice.hpp">
      <Filter>头文件</Filter>
    </ClInclude>
    <ClInclude Include="products.hpp">
      <Filter>头文件</Filter>
    </ClInclude>
    <ClInclude Include="riskservice.hpp">
      <Filter>头文件</Filter>
    </ClInclude>
    <ClInclude Include="soa.hpp">
      <Filter>头文件</Filter>
    </ClInclude>
    <ClInclude Include="streamingservice.hpp">
      <Filter>头文件</Filter>
    </ClInclude>
    <ClInclude Include="tradebookingservice.hpp">
      <Filter>头文件</Filter>
    </ClInclude>
    <ClInclude Include="marketdataFileGenerator.hpp">
      <Filter>头文件</Filter>
    </ClInclude>
    <ClInclude Include="priceFileGenerator.hpp">
      <Filter>头文件</Filter>
    </ClInclude>
    <ClInclude Include="tradeFileGenerator.hpp">
      <Filter>头文件</Filter>
    </ClInclude>
    <ClInclude Include="Bondtradebookingservice.hpp">
      <Filter>头文件</Filter>
    </ClInclude>
    <ClInclude Include="Bondpositionservice.hpp">
      <Filter>头文件</Filter>
    </ClInclude>
    <ClInclude Include="globalfunctions.hpp">
      <Filter>头文件</Filter>
    </ClInclude>
    <ClInclude Include="Bondriskservice.hpp">
      <Filter>头文件</Filter>
    </ClInclude>
    <ClInclude Include="BondHistoricalDataService.hpp">
      <Filter>头文件</Filter>
    </ClInclude>
    <ClInclude Include="BondPricingService.hpp">
      <Filter>头文件</Filter>
    </ClInclude>
    <ClInclude Include="BondStreamingService.hpp">
      <Filter>头文件</Filter>
    </ClInclude>
    <ClInclude Include="BondExecutionService.hpp">
      <Filter>头文件</Filter>
    </ClInclude>
    <ClInclude Include="BondMarketDataService.hpp">
      <Filter>头文件</Filter>
    </ClInclude>
    <ClInclude Include="BondAlgoExecutionService.hpp">
      <Filter>头文件</Filter>
    </ClInclude>
    <ClInclude Include="BondAlgoStreamingService.hpp">
      <Filter>头文件</Filter>
    </ClInclude>
    <ClInclude Include="BondInquiryService.hpp">
      <Filter>头文件</Filter>
    </ClInclude>
  </ItemGroup>
  <ItemGroup>
    <ClCompile Include="test_main.cpp">
      <Filter>源文件</Filter>
    </ClCompile>
  </ItemGroup>
</Project>